<?xml version="1.0" encoding="utf-8"?>
<Project ToolsVersion="4.0" xmlns="http://schemas.microsoft.com/developer/msbuild/2003">
  <ItemGroup>
    <Filter Include="리소스 파일">
      <UniqueIdentifier>{67DA6AB6-F800-4c08-8B7A-83BB121AAD01}</UniqueIdentifier>
      <Extensions>rc;ico;cur;bmp;dlg;rc2;rct;bin;rgs;gif;jpg;jpeg;jpe;resx;tiff;tif;png;wav;mfcribbon-ms</Extensions>
    </Filter>
    <Filter Include="00. Manager">
      <UniqueIdentifier>{7c34a300-3646-48bf-840e-840502aa43c1}</UniqueIdentifier>
    </Filter>
    <Filter Include="00. Manager\00. cGameManager">
      <UniqueIdentifier>{56068186-8274-47d2-bfe5-618b517fdcf1}</UniqueIdentifier>
    </Filter>
    <Filter Include="99. ETC">
      <UniqueIdentifier>{93995380-89BD-4b04-88EB-625FBE52EBFB}</UniqueIdentifier>
      <Extensions>h;hh;hpp;hxx;hm;inl;inc;xsd</Extensions>
    </Filter>
    <Filter Include="98. UTIL">
      <UniqueIdentifier>{4FC737F1-C7A5-4376-A066-2A32D752A2FF}</UniqueIdentifier>
      <Extensions>cpp;c;cc;cxx;def;odl;idl;hpj;bat;asm;asmx</Extensions>
    </Filter>
    <Filter Include="00. Manager\01.cObjectManager">
      <UniqueIdentifier>{96a349cd-117e-4558-b7af-7f0c7801bfdd}</UniqueIdentifier>
    </Filter>
    <Filter Include="01. cObject">
      <UniqueIdentifier>{d648ba09-e75a-4c97-b53c-bb03ed870f69}</UniqueIdentifier>
    </Filter>
    <Filter Include="01. cObject\00. cFrame">
      <UniqueIdentifier>{31f0d70c-7cf8-4c74-8b33-b094f32b990f}</UniqueIdentifier>
    </Filter>
    <Filter Include="00. Manager\02. cInputManager">
      <UniqueIdentifier>{3fef3a32-a399-438f-8fef-69d2c81c9dbf}</UniqueIdentifier>
    </Filter>
    <Filter Include="00. Manager\03. cTextureManager">
      <UniqueIdentifier>{f1f853ce-7666-40e1-b3ee-10e350cd6826}</UniqueIdentifier>
    </Filter>
    <Filter Include="00. Manager\04. cDeviceManager">
      <UniqueIdentifier>{2facc177-0588-4e31-82e9-9267a158780d}</UniqueIdentifier>
    </Filter>
    <Filter Include="00. Manager\05. cSoundManager">
      <UniqueIdentifier>{76cfc074-3773-4b01-ac4a-be5a1f23459c}</UniqueIdentifier>
    </Filter>
    <Filter Include="00. Manager\07. cUIManager">
      <UniqueIdentifier>{058b4c73-4b1f-4da1-984e-a2b85d2abb09}</UniqueIdentifier>
    </Filter>
    <Filter Include="00. Manager\06. cAIManager">
      <UniqueIdentifier>{eafc22da-8a79-4ce5-a72c-17e43673b203}</UniqueIdentifier>
    </Filter>
    <Filter Include="02. cCharacter">
      <UniqueIdentifier>{b10dbb99-cefd-4f39-b5bd-2d4bcde2977f}</UniqueIdentifier>
    </Filter>
    <Filter Include="02. cCharacter\00. Entity">
      <UniqueIdentifier>{2cde42bf-e39c-461d-9add-a2974edae094}</UniqueIdentifier>
    </Filter>
    <Filter Include="02. cCharacter\00. Entity\00. SteeringEntity">
      <UniqueIdentifier>{c4879d3d-2466-4f08-b34b-2035198da68e}</UniqueIdentifier>
    </Filter>
    <Filter Include="02. cCharacter\00. Entity\01. SteeringBehavior">
      <UniqueIdentifier>{f55f4d7d-8074-4a94-9500-0aded2a6b0e7}</UniqueIdentifier>
    </Filter>
    <Filter Include="02. cCharacter\01. cPlayer">
      <UniqueIdentifier>{1d961bd3-4f07-4104-a90b-4a6066730ac9}</UniqueIdentifier>
    </Filter>
    <Filter Include="02. cCharacter\02. cUnit">
      <UniqueIdentifier>{a815f958-de7a-4960-b556-b04f602bbb81}</UniqueIdentifier>
    </Filter>
    <Filter Include="98. UTIL\00. cCamera">
      <UniqueIdentifier>{fafe9262-a1e7-4192-837b-ba6bf648b45a}</UniqueIdentifier>
    </Filter>
    <Filter Include="98. UTIL\01. cFrustum">
      <UniqueIdentifier>{a66a4fcc-e517-4999-96d6-9cd744abd27b}</UniqueIdentifier>
    </Filter>
    <Filter Include="00. Manager\08. cTimeManager">
      <UniqueIdentifier>{575c3a98-4bac-4a36-9f3f-e1bb438b36a2}</UniqueIdentifier>
    </Filter>
    <Filter Include="98. UTIL\02. Math">
      <UniqueIdentifier>{4a31c53d-bc28-442c-83b2-b6b74e795ea1}</UniqueIdentifier>
    </Filter>
  </ItemGroup>
  <ItemGroup>
    <Text Include="ReadMe.txt" />
  </ItemGroup>
  <ItemGroup>
    <ClInclude Include="stdafx.h">
      <Filter>99. ETC</Filter>
    </ClInclude>
    <ClInclude Include="targetver.h">
      <Filter>99. ETC</Filter>
    </ClInclude>
    <ClInclude Include="Resource.h">
      <Filter>99. ETC</Filter>
    </ClInclude>
    <ClInclude Include="cGameManager.h">
      <Filter>00. Manager\00. cGameManager</Filter>
    </ClInclude>
    <ClInclude Include="MountAndWarcraft.h" />
    <ClInclude Include="Singleton.h">
      <Filter>98. UTIL</Filter>
    </ClInclude>
    <ClInclude Include="cObjectManager.h">
      <Filter>00. Manager\01.cObjectManager</Filter>
    </ClInclude>
    <ClInclude Include="cObject.h">
      <Filter>01. cObject</Filter>
    </ClInclude>
    <ClInclude Include="cFrame.h">
      <Filter>01. cObject\00. cFrame</Filter>
    </ClInclude>
    <ClInclude Include="cInputManager.h">
      <Filter>00. Manager\02. cInputManager</Filter>
    </ClInclude>
    <ClInclude Include="cTextureManager.h">
      <Filter>00. Manager\03. cTextureManager</Filter>
    </ClInclude>
    <ClInclude Include="cDeviceManager.h">
      <Filter>00. Manager\04. cDeviceManager</Filter>
    </ClInclude>
    <ClInclude Include="TestMap.h">
      <Filter>99. ETC</Filter>
    </ClInclude>
    <ClInclude Include="cCharacter.h">
      <Filter>02. cCharacter</Filter>
    </ClInclude>
    <ClInclude Include="ISteeringEntity.h">
      <Filter>02. cCharacter\00. Entity\00. SteeringEntity</Filter>
    </ClInclude>
    <ClInclude Include="SteeringBehavior.h">
      <Filter>02. cCharacter\00. Entity\01. SteeringBehavior</Filter>
    </ClInclude>
    <ClInclude Include="IEntity.h">
      <Filter>02. cCharacter\00. Entity</Filter>
    </ClInclude>
    <ClInclude Include="cPlayer.h">
      <Filter>02. cCharacter\01. cPlayer</Filter>
    </ClInclude>
    <ClInclude Include="cUnit.h">
      <Filter>02. cCharacter\02. cUnit</Filter>
    </ClInclude>
    <ClInclude Include="cCamera.h">
      <Filter>98. UTIL\00. cCamera</Filter>
    </ClInclude>
    <ClInclude Include="cFrustum.h">
      <Filter>98. UTIL\01. cFrustum</Filter>
    </ClInclude>
    <ClInclude Include="cTimeManager.h">
      <Filter>00. Manager\08. cTimeManager</Filter>
    </ClInclude>
    <ClInclude Include="Math.h">
      <Filter>98. UTIL\02. Math</Filter>
    </ClInclude>
  </ItemGroup>
  <ItemGroup>
    <ClCompile Include="cGameManager.cpp">
      <Filter>00. Manager\00. cGameManager</Filter>
    </ClCompile>
    <ClCompile Include="MountAndWarcraft.cpp" />
    <ClCompile Include="stdafx.cpp">
      <Filter>99. ETC</Filter>
    </ClCompile>
    <ClCompile Include="cObjectManager.cpp">
      <Filter>00. Manager\01.cObjectManager</Filter>
    </ClCompile>
    <ClCompile Include="cObject.cpp">
      <Filter>01. cObject</Filter>
    </ClCompile>
    <ClCompile Include="cFrame.cpp">
      <Filter>01. cObject\00. cFrame</Filter>
    </ClCompile>
    <ClCompile Include="cTextureManager.cpp">
      <Filter>00. Manager\03. cTextureManager</Filter>
    </ClCompile>
    <ClCompile Include="cDeviceManager.cpp">
      <Filter>00. Manager\04. cDeviceManager</Filter>
    </ClCompile>
    <ClCompile Include="TestMap.cpp">
      <Filter>99. ETC</Filter>
    </ClCompile>
    <ClCompile Include="cCharacter.cpp">
      <Filter>02. cCharacter</Filter>
    </ClCompile>
    <ClCompile Include="ISteeringEntity.cpp">
      <Filter>02. cCharacter\00. Entity\00. SteeringEntity</Filter>
    </ClCompile>
    <ClCompile Include="SteeringBehavior.cpp">
      <Filter>02. cCharacter\00. Entity\01. SteeringBehavior</Filter>
    </ClCompile>
    <ClCompile Include="IEntity.cpp">
      <Filter>02. cCharacter\00. Entity</Filter>
    </ClCompile>
    <ClCompile Include="cPlayer.cpp">
      <Filter>02. cCharacter\01. cPlayer</Filter>
    </ClCompile>
    <ClCompile Include="cUnit.cpp">
      <Filter>02. cCharacter\02. cUnit</Filter>
    </ClCompile>
    <ClCompile Include="cCamera.cpp">
      <Filter>98. UTIL\00. cCamera</Filter>
    </ClCompile>
    <ClCompile Include="cFrustum.cpp">
      <Filter>98. UTIL\01. cFrustum</Filter>
    </ClCompile>
    <ClCompile Include="cTimeManager.cpp">
      <Filter>00. Manager\08. cTimeManager</Filter>
    </ClCompile>
    <ClCompile Include="Math.cpp">
      <Filter>98. UTIL\02. Math</Filter>
    </ClCompile>
  </ItemGroup>
  <ItemGroup>
    <ResourceCompile Include="MountAndWarcraft.rc">
      <Filter>리소스 파일</Filter>
    </ResourceCompile>
  </ItemGroup>
  <ItemGroup>
    <Image Include="small.ico">
      <Filter>리소스 파일</Filter>
    </Image>
    <Image Include="MountAndWarcraft.ico">
      <Filter>리소스 파일</Filter>
    </Image>
  </ItemGroup>
</Project>